
Microsoft Visual Studio Solution File, Format Version 12.00
# Visual Studio Version 16
VisualStudioVersion = 16.0.30503.244
MinimumVisualStudioVersion = 10.0.40219.1
Project("{FAE04EC0-301F-11D3-BF4B-00C04F79EFBC}") = "SENG8040", "SENG8040.csproj", "{EC0111F9-8C1E-4AAD-A137-B9D98828F7D6}"
EndProject
Project("{FAE04EC0-301F-11D3-BF4B-00C04F79EFBC}") = "Test_Assignment1", "..\Test_Assignment1\Test_Assignment1.csproj", "{F1EC9FB8-E42A-4DA1-94AB-35407F972054}"
EndProject
Global
	GlobalSection(SolutionConfigurationPlatforms) = preSolution
		Debug|Any CPU = Debug|Any CPU
		Release|Any CPU = Release|Any CPU
	EndGlobalSection
	GlobalSection(ProjectConfigurationPlatforms) = postSolution
		{EC0111F9-8C1E-4AAD-A137-B9D98828F7D6}.Debug|Any CPU.ActiveCfg = Debug|Any CPU
		{EC0111F9-8C1E-4AAD-A137-B9D98828F7D6}.Debug|Any CPU.Build.0 = Debug|Any CPU
		{EC0111F9-8C1E-4AAD-A137-B9D98828F7D6}.Release|Any CPU.ActiveCfg = Release|Any CPU
		{EC0111F9-8C1E-4AAD-A137-B9D98828F7D6}.Release|Any CPU.Build.0 = Release|Any CPU
		{F1EC9FB8-E42A-4DA1-94AB-35407F972054}.Debug|Any CPU.ActiveCfg = Debug|Any CPU
		{F1EC9FB8-E42A-4DA1-94AB-35407F972054}.Debug|Any CPU.Build.0 = Debug|Any CPU
		{F1EC9FB8-E42A-4DA1-94AB-35407F972054}.Release|Any CPU.ActiveCfg = Release|Any CPU
		{F1EC9FB8-E42A-4DA1-94AB-35407F972054}.Release|Any CPU.Build.0 = Release|Any CPU
	EndGlobalSection
	GlobalSection(SolutionProperties) = preSolution
		HideSolutionNode = FALSE
	EndGlobalSection
	GlobalSection(ExtensibilityGlobals) = postSolution
		SolutionGuid = {7AF0825E-EF7A-48F5-8542-A901784315D5}
	EndGlobalSection
EndGlobal
